{
  "version": "5",
  "specifiers": {
    "jsr:@libs/xml@7.0.4": "7.0.4",
    "jsr:@std/assert@1.0.19": "1.0.19",
    "jsr:@std/cli@1.0.29": "1.0.29",
    "jsr:@std/collections@^1.1.3": "1.1.3",
    "jsr:@std/fmt@^1.0.10": "1.0.10",
    "jsr:@std/internal@^1.0.12": "1.0.13",
    "jsr:@std/internal@^1.0.13": "1.0.13",
    "jsr:@std/path@1.1.4": "1.1.4",
    "jsr:@std/toml@1.0.11": "1.0.11",
    "jsr:@wok/case@1.0.3": "1.0.3"
  },
  "jsr": {
    "@libs/xml@7.0.4": {
      "integrity": "eed219cf6258a0b28b60c094c89563a1cd63a023ac515517d6b74a99873d6c02"
    },
    "@std/assert@1.0.19": {
      "integrity": "eaada96ee120cb980bc47e040f82814d786fe8162ecc53c91d8df60b8755991e",
      "dependencies": [
        "jsr:@std/internal@^1.0.12"
      ]
    },
    "@std/cli@1.0.29": {
      "integrity": "fa4ef29130baa834d8a13b7d138240c3a2fcfba740bfb7afa646a360a15ec84f",
      "dependencies": [
        "jsr:@std/fmt",
        "jsr:@std/internal@^1.0.13"
      ]
    },
    "@std/collections@1.1.3": {
      "integrity": "bf8b0818886df6a32b64c7d3b037a425111f28278d69fd0995aeb62777c986b0"
    },
    "@std/fmt@1.0.10": {
      "integrity": "90dfba288802ac6de82fb31d0917eb9e4450b9925b954d5e51fc29ac07419db5"
    },
    "@std/internal@1.0.6": {
      "integrity": "9533b128f230f73bd209408bb07a4b12f8d4255ab2a4d22a1fd6d87304aca9a4"
    },
    "@std/internal@1.0.13": {
      "integrity": "2f9546691d4ac2d32859c82dff284aaeac980ddeca38430d07941e7e288725c0"
    },
    "@std/path@1.1.4": {
      "integrity": "1d2d43f39efb1b42f0b1882a25486647cb851481862dc7313390b2bb044314b5",
      "dependencies": [
        "jsr:@std/internal@^1.0.12"
      ]
    },
    "@std/toml@1.0.11": {
      "integrity": "e084988b872ca4bad6aedfb7350f6eeed0e8ba88e9ee5e1590621c5b5bb8f715",
      "dependencies": [
        "jsr:@std/collections"
      ]
    },
    "@wok/case@1.0.3": {
      "integrity": "0e997a829ed02823857c4b9c30a693ab8f2e582bb25423c69318fcedaf760f15"
    }
  },
  "workspace": {
    "dependencies": [
      "jsr:@libs/xml@7.0.4",
      "jsr:@std/assert@1.0.19",
      "jsr:@std/cli@1.0.29",
      "jsr:@std/path@1.1.4",
      "jsr:@std/toml@1.0.11",
      "jsr:@wok/case@1.0.3"
    ]
  }
}
