{
  "version": "5",
  "specifiers": {
    "jsr:@libs/xml@7.0.2": "7.0.2",
    "jsr:@std/assert@1.0.15": "1.0.15",
    "jsr:@std/cli@1.0.23": "1.0.23",
    "jsr:@std/collections@^1.1.3": "1.1.3",
    "jsr:@std/internal@^1.0.10": "1.0.12",
    "jsr:@std/internal@^1.0.12": "1.0.12",
    "jsr:@std/path@1.1.2": "1.1.2",
    "jsr:@std/toml@1.0.11": "1.0.11",
    "jsr:@wok/case@1.0.2": "1.0.2"
  },
  "jsr": {
    "@libs/xml@7.0.2": {
      "integrity": "b0f8eb46328cdfc443e89eeb02dce2a9022c292c6342f2cbddcad8cf06cd5adf"
    },
    "@std/assert@1.0.15": {
      "integrity": "d64018e951dbdfab9777335ecdb000c0b4e3df036984083be219ce5941e4703b",
      "dependencies": [
        "jsr:@std/internal@^1.0.12"
      ]
    },
    "@std/cli@1.0.23": {
      "integrity": "bf95b7a9425ba2af1ae5a6359daf58c508f2decf711a76ed2993cd352498ccca",
      "dependencies": [
        "jsr:@std/internal@^1.0.12"
      ]
    },
    "@std/collections@1.1.3": {
      "integrity": "bf8b0818886df6a32b64c7d3b037a425111f28278d69fd0995aeb62777c986b0"
    },
    "@std/internal@1.0.6": {
      "integrity": "9533b128f230f73bd209408bb07a4b12f8d4255ab2a4d22a1fd6d87304aca9a4"
    },
    "@std/internal@1.0.12": {
      "integrity": "972a634fd5bc34b242024402972cd5143eac68d8dffaca5eaa4dba30ce17b027"
    },
    "@std/path@1.1.2": {
      "integrity": "c0b13b97dfe06546d5e16bf3966b1cadf92e1cc83e56ba5476ad8b498d9e3038",
      "dependencies": [
        "jsr:@std/internal@^1.0.10"
      ]
    },
    "@std/toml@1.0.11": {
      "integrity": "e084988b872ca4bad6aedfb7350f6eeed0e8ba88e9ee5e1590621c5b5bb8f715",
      "dependencies": [
        "jsr:@std/collections"
      ]
    },
    "@wok/case@1.0.2": {
      "integrity": "5d7c4da6ac87a372d603c6ab6fb0e07ec74d4a712c3cb9051961a0892b1f3090"
    }
  },
  "workspace": {
    "dependencies": [
      "jsr:@libs/xml@7.0.2",
      "jsr:@std/assert@1.0.15",
      "jsr:@std/cli@1.0.23",
      "jsr:@std/path@1.1.2",
      "jsr:@std/toml@1.0.11",
      "jsr:@wok/case@1.0.2"
    ]
  }
}
