name: autofix.ci

on:
  pull_request:
    paths:
      - deno.json

permissions: {}

jobs:
  update-lock:
    name: 🔒 Update Lock File
    if: ${{ github.event.pull_request.user.login == 'renovate[bot]' }}
    runs-on: Ubuntu-Slim
    timeout-minutes: 1

    steps:
      - name: 🚚 Check out repository
        uses: actions/checkout@8e8c483db84b4bee98b60c0593521ed34d9990e8 # v6.0.1
        with:
          persist-credentials: false

      - name: 🔒 Update lock file
        uses: 5ouma/utils/update-deno-lock-file@5d64e87de2de9392e2a9df45d487a0c54194d281 # v0.7.2
